
Microsoft Visual Studio Solution File, Format Version 12.00
# Visual Studio Version 17
VisualStudioVersion = 17.4.33205.214
MinimumVisualStudioVersion = 10.0.40219.1
Project("{FAE04EC0-301F-11D3-BF4B-00C04F79EFBC}") = "NNImagePreparer", "NNImagePreparer\NNImagePreparer.csproj", "{716C6DC0-DA0D-420B-857F-6853DF369E57}"
EndProject
Global
	GlobalSection(SolutionConfigurationPlatforms) = preSolution
		Debug|Any CPU = Debug|Any CPU
		Release|Any CPU = Release|Any CPU
	EndGlobalSection
	GlobalSection(ProjectConfigurationPlatforms) = postSolution
		{716C6DC0-DA0D-420B-857F-6853DF369E57}.Debug|Any CPU.ActiveCfg = Debug|Any CPU
		{716C6DC0-DA0D-420B-857F-6853DF369E57}.Debug|Any CPU.Build.0 = Debug|Any CPU
		{716C6DC0-DA0D-420B-857F-6853DF369E57}.Release|Any CPU.ActiveCfg = Release|Any CPU
		{716C6DC0-DA0D-420B-857F-6853DF369E57}.Release|Any CPU.Build.0 = Release|Any CPU
	EndGlobalSection
	GlobalSection(SolutionProperties) = preSolution
		HideSolutionNode = FALSE
	EndGlobalSection
	GlobalSection(ExtensibilityGlobals) = postSolution
		SolutionGuid = {57F7E88A-4B2C-45B2-8AEE-53B988936C05}
	EndGlobalSection
EndGlobal
